// !$*UTF8*$!
{
	archiveVersion = 1;
	classes = {
	};
	objectVersion = 46;
	objects = {

/* Begin PBXBuildFile section */
		0076FB741842F743007DB12A /* CourseReader.m in Sources */ = {isa = PBXBuildFile; fileRef = 0076FB731842F743007DB12A /* CourseReader.m */; };
		7D793F13183A7B480062228F /* ISTMapViewController.m in Sources */ = {isa = PBXBuildFile; fileRef = 7D793F12183A7B480062228F /* ISTMapViewController.m */; };
		7D793F15183A7DD40062228F /* MapKit.framework in Frameworks */ = {isa = PBXBuildFile; fileRef = 7D793F14183A7DD40062228F /* MapKit.framework */; };
		7DBD5A68183FFB7100B914F2 /* CourseSeed.plist in Resources */ = {isa = PBXBuildFile; fileRef = 7DBD5A67183FFB7100B914F2 /* CourseSeed.plist */; };
		7DBD5A6B183FFC2D00B914F2 /* Course.xcdatamodeld in Sources */ = {isa = PBXBuildFile; fileRef = 7DBD5A69183FFC2D00B914F2 /* Course.xcdatamodeld */; };
		7DBD5A6E183FFD8300B914F2 /* Course.m in Sources */ = {isa = PBXBuildFile; fileRef = 7DBD5A6D183FFD8300B914F2 /* Course.m */; };
		7DD1BA5E18340D57005436F9 /* CoreData.framework in Frameworks */ = {isa = PBXBuildFile; fileRef = 7DD1BA5D18340D57005436F9 /* CoreData.framework */; };
		7DD1BA6118340D8E005436F9 /* ISTCourseDetailViewController.m in Sources */ = {isa = PBXBuildFile; fileRef = 7DD1BA6018340D8E005436F9 /* ISTCourseDetailViewController.m */; };
		7DD91AD7182D88E0000AC8AA /* Foundation.framework in Frameworks */ = {isa = PBXBuildFile; fileRef = 7DD91AD6182D88E0000AC8AA /* Foundation.framework */; };
		7DD91AD9182D88E0000AC8AA /* CoreGraphics.framework in Frameworks */ = {isa = PBXBuildFile; fileRef = 7DD91AD8182D88E0000AC8AA /* CoreGraphics.framework */; };
		7DD91ADB182D88E0000AC8AA /* UIKit.framework in Frameworks */ = {isa = PBXBuildFile; fileRef = 7DD91ADA182D88E0000AC8AA /* UIKit.framework */; };
		7DD91AE1182D88E0000AC8AA /* InfoPlist.strings in Resources */ = {isa = PBXBuildFile; fileRef = 7DD91ADF182D88E0000AC8AA /* InfoPlist.strings */; };
		7DD91AE3182D88E0000AC8AA /* main.m in Sources */ = {isa = PBXBuildFile; fileRef = 7DD91AE2182D88E0000AC8AA /* main.m */; };
		7DD91AE7182D88E0000AC8AA /* ISTAppDelegate.m in Sources */ = {isa = PBXBuildFile; fileRef = 7DD91AE6182D88E0000AC8AA /* ISTAppDelegate.m */; };
		7DD91AEA182D88E0000AC8AA /* Main_iPhone.storyboard in Resources */ = {isa = PBXBuildFile; fileRef = 7DD91AE8182D88E0000AC8AA /* Main_iPhone.storyboard */; };
		7DD91AED182D88E0000AC8AA /* Main_iPad.storyboard in Resources */ = {isa = PBXBuildFile; fileRef = 7DD91AEB182D88E0000AC8AA /* Main_iPad.storyboard */; };
		7DD91AF3182D88E0000AC8AA /* ISTCourseMasterViewController.m in Sources */ = {isa = PBXBuildFile; fileRef = 7DD91AF2182D88E0000AC8AA /* ISTCourseMasterViewController.m */; };
		7DD91AF5182D88E0000AC8AA /* Images.xcassets in Resources */ = {isa = PBXBuildFile; fileRef = 7DD91AF4182D88E0000AC8AA /* Images.xcassets */; };
		7DD91AFC182D88E0000AC8AA /* XCTest.framework in Frameworks */ = {isa = PBXBuildFile; fileRef = 7DD91AFB182D88E0000AC8AA /* XCTest.framework */; };
		7DD91AFD182D88E0000AC8AA /* Foundation.framework in Frameworks */ = {isa = PBXBuildFile; fileRef = 7DD91AD6182D88E0000AC8AA /* Foundation.framework */; };
		7DD91AFE182D88E0000AC8AA /* UIKit.framework in Frameworks */ = {isa = PBXBuildFile; fileRef = 7DD91ADA182D88E0000AC8AA /* UIKit.framework */; };
		7DD91B06182D88E0000AC8AA /* InfoPlist.strings in Resources */ = {isa = PBXBuildFile; fileRef = 7DD91B04182D88E0000AC8AA /* InfoPlist.strings */; };
		7DD91B08182D88E0000AC8AA /* iStudentTests.m in Sources */ = {isa = PBXBuildFile; fileRef = 7DD91B07182D88E0000AC8AA /* iStudentTests.m */; };
		942F04691842C43000DEBCF7 /* FeedElement.m in Sources */ = {isa = PBXBuildFile; fileRef = 942F04681842C43000DEBCF7 /* FeedElement.m */; };
		9433766A183F46B700E3E8DF /* ISTAddFeedViewController.m in Sources */ = {isa = PBXBuildFile; fileRef = 94337669183F46B700E3E8DF /* ISTAddFeedViewController.m */; };
		9433766D183F46DC00E3E8DF /* ISTNewsDetailViewController.m in Sources */ = {isa = PBXBuildFile; fileRef = 9433766C183F46DC00E3E8DF /* ISTNewsDetailViewController.m */; };
		9465108D183F2CEF006322A1 /* rssFeeds.plist in Resources */ = {isa = PBXBuildFile; fileRef = 9465108C183F2CEF006322A1 /* rssFeeds.plist */; };
		94651090183F376F006322A1 /* ISTNewsMasterViewController.m in Sources */ = {isa = PBXBuildFile; fileRef = 9465108F183F376F006322A1 /* ISTNewsMasterViewController.m */; };
		94D501921841F67400F7CA54 /* ISTNewsTableViewController.m in Sources */ = {isa = PBXBuildFile; fileRef = 94D501911841F67400F7CA54 /* ISTNewsTableViewController.m */; };
/* End PBXBuildFile section */

/* Begin PBXContainerItemProxy section */
		7DD91AFF182D88E0000AC8AA /* PBXContainerItemProxy */ = {
			isa = PBXContainerItemProxy;
			containerPortal = 7DD91ACB182D88E0000AC8AA /* Project object */;
			proxyType = 1;
			remoteGlobalIDString = 7DD91AD2182D88E0000AC8AA;
			remoteInfo = iStudent;
		};
/* End PBXContainerItemProxy section */

/* Begin PBXFileReference section */
		0076FB721842F743007DB12A /* CourseReader.h */ = {isa = PBXFileReference; fileEncoding = 4; lastKnownFileType = sourcecode.c.h; path = CourseReader.h; sourceTree = "<group>"; };
		0076FB731842F743007DB12A /* CourseReader.m */ = {isa = PBXFileReference; fileEncoding = 4; lastKnownFileType = sourcecode.c.objc; path = CourseReader.m; sourceTree = "<group>"; };
		7D793F11183A7B480062228F /* ISTMapViewController.h */ = {isa = PBXFileReference; fileEncoding = 4; lastKnownFileType = sourcecode.c.h; path = ISTMapViewController.h; sourceTree = "<group>"; };
		7D793F12183A7B480062228F /* ISTMapViewController.m */ = {isa = PBXFileReference; fileEncoding = 4; lastKnownFileType = sourcecode.c.objc; path = ISTMapViewController.m; sourceTree = "<group>"; };
		7D793F14183A7DD40062228F /* MapKit.framework */ = {isa = PBXFileReference; lastKnownFileType = wrapper.framework; name = MapKit.framework; path = System/Library/Frameworks/MapKit.framework; sourceTree = SDKROOT; };
		7DBD5A67183FFB7100B914F2 /* CourseSeed.plist */ = {isa = PBXFileReference; fileEncoding = 4; lastKnownFileType = text.plist.xml; path = CourseSeed.plist; sourceTree = "<group>"; };
		7DBD5A6A183FFC2D00B914F2 /* Course.xcdatamodel */ = {isa = PBXFileReference; lastKnownFileType = wrapper.xcdatamodel; path = Course.xcdatamodel; sourceTree = "<group>"; };
		7DBD5A6C183FFD8300B914F2 /* Course.h */ = {isa = PBXFileReference; fileEncoding = 4; lastKnownFileType = sourcecode.c.h; path = Course.h; sourceTree = "<group>"; };
		7DBD5A6D183FFD8300B914F2 /* Course.m */ = {isa = PBXFileReference; fileEncoding = 4; lastKnownFileType = sourcecode.c.objc; path = Course.m; sourceTree = "<group>"; };
		7DD1BA5D18340D57005436F9 /* CoreData.framework */ = {isa = PBXFileReference; lastKnownFileType = wrapper.framework; name = CoreData.framework; path = System/Library/Frameworks/CoreData.framework; sourceTree = SDKROOT; };
		7DD1BA5F18340D8E005436F9 /* ISTCourseDetailViewController.h */ = {isa = PBXFileReference; fileEncoding = 4; lastKnownFileType = sourcecode.c.h; path = ISTCourseDetailViewController.h; sourceTree = "<group>"; };
		7DD1BA6018340D8E005436F9 /* ISTCourseDetailViewController.m */ = {isa = PBXFileReference; fileEncoding = 4; lastKnownFileType = sourcecode.c.objc; path = ISTCourseDetailViewController.m; sourceTree = "<group>"; };
		7DD91AD3182D88E0000AC8AA /* iStudent.app */ = {isa = PBXFileReference; explicitFileType = wrapper.application; includeInIndex = 0; path = iStudent.app; sourceTree = BUILT_PRODUCTS_DIR; };
		7DD91AD6182D88E0000AC8AA /* Foundation.framework */ = {isa = PBXFileReference; lastKnownFileType = wrapper.framework; name = Foundation.framework; path = System/Library/Frameworks/Foundation.framework; sourceTree = SDKROOT; };
		7DD91AD8182D88E0000AC8AA /* CoreGraphics.framework */ = {isa = PBXFileReference; lastKnownFileType = wrapper.framework; name = CoreGraphics.framework; path = System/Library/Frameworks/CoreGraphics.framework; sourceTree = SDKROOT; };
		7DD91ADA182D88E0000AC8AA /* UIKit.framework */ = {isa = PBXFileReference; lastKnownFileType = wrapper.framework; name = UIKit.framework; path = System/Library/Frameworks/UIKit.framework; sourceTree = SDKROOT; };
		7DD91ADE182D88E0000AC8AA /* iStudent-Info.plist */ = {isa = PBXFileReference; lastKnownFileType = text.plist.xml; path = "iStudent-Info.plist"; sourceTree = "<group>"; };
		7DD91AE0182D88E0000AC8AA /* en */ = {isa = PBXFileReference; lastKnownFileType = text.plist.strings; name = en; path = en.lproj/InfoPlist.strings; sourceTree = "<group>"; };
		7DD91AE2182D88E0000AC8AA /* main.m */ = {isa = PBXFileReference; lastKnownFileType = sourcecode.c.objc; path = main.m; sourceTree = "<group>"; };
		7DD91AE4182D88E0000AC8AA /* iStudent-Prefix.pch */ = {isa = PBXFileReference; lastKnownFileType = sourcecode.c.h; path = "iStudent-Prefix.pch"; sourceTree = "<group>"; };
		7DD91AE5182D88E0000AC8AA /* ISTAppDelegate.h */ = {isa = PBXFileReference; lastKnownFileType = sourcecode.c.h; path = ISTAppDelegate.h; sourceTree = "<group>"; };
		7DD91AE6182D88E0000AC8AA /* ISTAppDelegate.m */ = {isa = PBXFileReference; lastKnownFileType = sourcecode.c.objc; path = ISTAppDelegate.m; sourceTree = "<group>"; };
		7DD91AE9182D88E0000AC8AA /* Base */ = {isa = PBXFileReference; lastKnownFileType = file.storyboard; name = Base; path = Base.lproj/Main_iPhone.storyboard; sourceTree = "<group>"; };
		7DD91AEC182D88E0000AC8AA /* Base */ = {isa = PBXFileReference; lastKnownFileType = file.storyboard; name = Base; path = Base.lproj/Main_iPad.storyboard; sourceTree = "<group>"; };
		7DD91AF1182D88E0000AC8AA /* ISTCourseMasterViewController.h */ = {isa = PBXFileReference; lastKnownFileType = sourcecode.c.h; path = ISTCourseMasterViewController.h; sourceTree = "<group>"; };
		7DD91AF2182D88E0000AC8AA /* ISTCourseMasterViewController.m */ = {isa = PBXFileReference; lastKnownFileType = sourcecode.c.objc; path = ISTCourseMasterViewController.m; sourceTree = "<group>"; };
		7DD91AF4182D88E0000AC8AA /* Images.xcassets */ = {isa = PBXFileReference; lastKnownFileType = folder.assetcatalog; path = Images.xcassets; sourceTree = "<group>"; };
		7DD91AFA182D88E0000AC8AA /* iStudentTests.xctest */ = {isa = PBXFileReference; explicitFileType = wrapper.cfbundle; includeInIndex = 0; path = iStudentTests.xctest; sourceTree = BUILT_PRODUCTS_DIR; };
		7DD91AFB182D88E0000AC8AA /* XCTest.framework */ = {isa = PBXFileReference; lastKnownFileType = wrapper.framework; name = XCTest.framework; path = Library/Frameworks/XCTest.framework; sourceTree = DEVELOPER_DIR; };
		7DD91B03182D88E0000AC8AA /* iStudentTests-Info.plist */ = {isa = PBXFileReference; lastKnownFileType = text.plist.xml; path = "iStudentTests-Info.plist"; sourceTree = "<group>"; };
		7DD91B05182D88E0000AC8AA /* en */ = {isa = PBXFileReference; lastKnownFileType = text.plist.strings; name = en; path = en.lproj/InfoPlist.strings; sourceTree = "<group>"; };
		7DD91B07182D88E0000AC8AA /* iStudentTests.m */ = {isa = PBXFileReference; lastKnownFileType = sourcecode.c.objc; path = iStudentTests.m; sourceTree = "<group>"; };
		942F04671842C43000DEBCF7 /* FeedElement.h */ = {isa = PBXFileReference; fileEncoding = 4; lastKnownFileType = sourcecode.c.h; path = FeedElement.h; sourceTree = "<group>"; };
		942F04681842C43000DEBCF7 /* FeedElement.m */ = {isa = PBXFileReference; fileEncoding = 4; lastKnownFileType = sourcecode.c.objc; path = FeedElement.m; sourceTree = "<group>"; };
		94337668183F46B700E3E8DF /* ISTAddFeedViewController.h */ = {isa = PBXFileReference; fileEncoding = 4; lastKnownFileType = sourcecode.c.h; path = ISTAddFeedViewController.h; sourceTree = "<group>"; };
		94337669183F46B700E3E8DF /* ISTAddFeedViewController.m */ = {isa = PBXFileReference; fileEncoding = 4; lastKnownFileType = sourcecode.c.objc; path = ISTAddFeedViewController.m; sourceTree = "<group>"; };
		9433766B183F46DC00E3E8DF /* ISTNewsDetailViewController.h */ = {isa = PBXFileReference; fileEncoding = 4; lastKnownFileType = sourcecode.c.h; path = ISTNewsDetailViewController.h; sourceTree = "<group>"; };
		9433766C183F46DC00E3E8DF /* ISTNewsDetailViewController.m */ = {isa = PBXFileReference; fileEncoding = 4; lastKnownFileType = sourcecode.c.objc; path = ISTNewsDetailViewController.m; sourceTree = "<group>"; };
		9465108C183F2CEF006322A1 /* rssFeeds.plist */ = {isa = PBXFileReference; fileEncoding = 4; lastKnownFileType = text.plist.xml; path = rssFeeds.plist; sourceTree = "<group>"; };
		9465108E183F376F006322A1 /* ISTNewsMasterViewController.h */ = {isa = PBXFileReference; fileEncoding = 4; lastKnownFileType = sourcecode.c.h; path = ISTNewsMasterViewController.h; sourceTree = "<group>"; };
		9465108F183F376F006322A1 /* ISTNewsMasterViewController.m */ = {isa = PBXFileReference; fileEncoding = 4; lastKnownFileType = sourcecode.c.objc; path = ISTNewsMasterViewController.m; sourceTree = "<group>"; };
		94A1DD4D18413B330084A1C7 /* Helpers.h */ = {isa = PBXFileReference; lastKnownFileType = sourcecode.c.h; path = Helpers.h; sourceTree = "<group>"; };
		94D501901841F67400F7CA54 /* ISTNewsTableViewController.h */ = {isa = PBXFileReference; fileEncoding = 4; lastKnownFileType = sourcecode.c.h; path = ISTNewsTableViewController.h; sourceTree = "<group>"; };
		94D501911841F67400F7CA54 /* ISTNewsTableViewController.m */ = {isa = PBXFileReference; fileEncoding = 4; lastKnownFileType = sourcecode.c.objc; path = ISTNewsTableViewController.m; sourceTree = "<group>"; };
/* End PBXFileReference section */

/* Begin PBXFrameworksBuildPhase section */
		7DD91AD0182D88E0000AC8AA /* Frameworks */ = {
			isa = PBXFrameworksBuildPhase;
			buildActionMask = 2147483647;
			files = (
				7D793F15183A7DD40062228F /* MapKit.framework in Frameworks */,
				7DD1BA5E18340D57005436F9 /* CoreData.framework in Frameworks */,
				7DD91AD9182D88E0000AC8AA /* CoreGraphics.framework in Frameworks */,
				7DD91ADB182D88E0000AC8AA /* UIKit.framework in Frameworks */,
				7DD91AD7182D88E0000AC8AA /* Foundation.framework in Frameworks */,
			);
			runOnlyForDeploymentPostprocessing = 0;
		};
		7DD91AF7182D88E0000AC8AA /* Frameworks */ = {
			isa = PBXFrameworksBuildPhase;
			buildActionMask = 2147483647;
			files = (
				7DD91AFC182D88E0000AC8AA /* XCTest.framework in Frameworks */,
				7DD91AFE182D88E0000AC8AA /* UIKit.framework in Frameworks */,
				7DD91AFD182D88E0000AC8AA /* Foundation.framework in Frameworks */,
			);
			runOnlyForDeploymentPostprocessing = 0;
		};
/* End PBXFrameworksBuildPhase section */

/* Begin PBXGroup section */
		7DD91ACA182D88E0000AC8AA = {
			isa = PBXGroup;
			children = (
				7DD91ADC182D88E0000AC8AA /* iStudent */,
				7DD91B01182D88E0000AC8AA /* iStudentTests */,
				7DD91AD5182D88E0000AC8AA /* Frameworks */,
				7DD91AD4182D88E0000AC8AA /* Products */,
			);
			sourceTree = "<group>";
		};
		7DD91AD4182D88E0000AC8AA /* Products */ = {
			isa = PBXGroup;
			children = (
				7DD91AD3182D88E0000AC8AA /* iStudent.app */,
				7DD91AFA182D88E0000AC8AA /* iStudentTests.xctest */,
			);
			name = Products;
			sourceTree = "<group>";
		};
		7DD91AD5182D88E0000AC8AA /* Frameworks */ = {
			isa = PBXGroup;
			children = (
				7D793F14183A7DD40062228F /* MapKit.framework */,
				7DD1BA5D18340D57005436F9 /* CoreData.framework */,
				7DD91AD6182D88E0000AC8AA /* Foundation.framework */,
				7DD91AD8182D88E0000AC8AA /* CoreGraphics.framework */,
				7DD91ADA182D88E0000AC8AA /* UIKit.framework */,
				7DD91AFB182D88E0000AC8AA /* XCTest.framework */,
			);
			name = Frameworks;
			sourceTree = "<group>";
		};
		7DD91ADC182D88E0000AC8AA /* iStudent */ = {
			isa = PBXGroup;
			children = (
				7DD91AE5182D88E0000AC8AA /* ISTAppDelegate.h */,
				7DD91AE6182D88E0000AC8AA /* ISTAppDelegate.m */,
				7DD91AE8182D88E0000AC8AA /* Main_iPhone.storyboard */,
				7DD91AEB182D88E0000AC8AA /* Main_iPad.storyboard */,
				94337665183F462E00E3E8DF /* Courses */,
				94337667183F464D00E3E8DF /* CourseNews */,
				7DD91AF4182D88E0000AC8AA /* Images.xcassets */,
				7DBD5A69183FFC2D00B914F2 /* Course.xcdatamodeld */,
				7DBD5A6D183FFD8300B914F2 /* Course.m */,
				7DBD5A6C183FFD8300B914F2 /* Course.h */,
				7DD91ADD182D88E0000AC8AA /* Supporting Files */,
				94A1DD4D18413B330084A1C7 /* Helpers.h */,
			);
			path = iStudent;
			sourceTree = "<group>";
		};
		7DD91ADD182D88E0000AC8AA /* Supporting Files */ = {
			isa = PBXGroup;
			children = (
				7DBD5A67183FFB7100B914F2 /* CourseSeed.plist */,
				7DD91ADE182D88E0000AC8AA /* iStudent-Info.plist */,
				7DD91ADF182D88E0000AC8AA /* InfoPlist.strings */,
				7DD91AE2182D88E0000AC8AA /* main.m */,
				7DD91AE4182D88E0000AC8AA /* iStudent-Prefix.pch */,
				9465108C183F2CEF006322A1 /* rssFeeds.plist */,
			);
			name = "Supporting Files";
			sourceTree = "<group>";
		};
		7DD91B01182D88E0000AC8AA /* iStudentTests */ = {
			isa = PBXGroup;
			children = (
				7DD91B07182D88E0000AC8AA /* iStudentTests.m */,
				7DD91B02182D88E0000AC8AA /* Supporting Files */,
			);
			path = iStudentTests;
			sourceTree = "<group>";
		};
		7DD91B02182D88E0000AC8AA /* Supporting Files */ = {
			isa = PBXGroup;
			children = (
				7DD91B03182D88E0000AC8AA /* iStudentTests-Info.plist */,
				7DD91B04182D88E0000AC8AA /* InfoPlist.strings */,
			);
			name = "Supporting Files";
			sourceTree = "<group>";
		};
		94337665183F462E00E3E8DF /* Courses */ = {
			isa = PBXGroup;
			children = (
				7DD91AF1182D88E0000AC8AA /* ISTCourseMasterViewController.h */,
				7DD91AF2182D88E0000AC8AA /* ISTCourseMasterViewController.m */,
				7DD1BA5F18340D8E005436F9 /* ISTCourseDetailViewController.h */,
				7DD1BA6018340D8E005436F9 /* ISTCourseDetailViewController.m */,
				7D793F11183A7B480062228F /* ISTMapViewController.h */,
				7D793F12183A7B480062228F /* ISTMapViewController.m */,
				0076FB721842F743007DB12A /* CourseReader.h */,
				0076FB731842F743007DB12A /* CourseReader.m */,
			);
			name = Courses;
			sourceTree = "<group>";
		};
		94337667183F464D00E3E8DF /* CourseNews */ = {
			isa = PBXGroup;
			children = (
				9465108E183F376F006322A1 /* ISTNewsMasterViewController.h */,
				9465108F183F376F006322A1 /* ISTNewsMasterViewController.m */,
				94337668183F46B700E3E8DF /* ISTAddFeedViewController.h */,
				94337669183F46B700E3E8DF /* ISTAddFeedViewController.m */,
				9433766B183F46DC00E3E8DF /* ISTNewsDetailViewController.h */,
				9433766C183F46DC00E3E8DF /* ISTNewsDetailViewController.m */,
				94D501901841F67400F7CA54 /* ISTNewsTableViewController.h */,
				94D501911841F67400F7CA54 /* ISTNewsTableViewController.m */,
				942F04671842C43000DEBCF7 /* FeedElement.h */,
				942F04681842C43000DEBCF7 /* FeedElement.m */,
			);
			name = CourseNews;
			sourceTree = "<group>";
		};
/* End PBXGroup section */

/* Begin PBXNativeTarget section */
		7DD91AD2182D88E0000AC8AA /* iStudent */ = {
			isa = PBXNativeTarget;
			buildConfigurationList = 7DD91B0B182D88E0000AC8AA /* Build configuration list for PBXNativeTarget "iStudent" */;
			buildPhases = (
				7DD91ACF182D88E0000AC8AA /* Sources */,
				7DD91AD0182D88E0000AC8AA /* Frameworks */,
				7DD91AD1182D88E0000AC8AA /* Resources */,
			);
			buildRules = (
			);
			dependencies = (
			);
			name = iStudent;
			productName = iStudent;
			productReference = 7DD91AD3182D88E0000AC8AA /* iStudent.app */;
			productType = "com.apple.product-type.application";
		};
		7DD91AF9182D88E0000AC8AA /* iStudentTests */ = {
			isa = PBXNativeTarget;
			buildConfigurationList = 7DD91B0E182D88E0000AC8AA /* Build configuration list for PBXNativeTarget "iStudentTests" */;
			buildPhases = (
				7DD91AF6182D88E0000AC8AA /* Sources */,
				7DD91AF7182D88E0000AC8AA /* Frameworks */,
				7DD91AF8182D88E0000AC8AA /* Resources */,
			);
			buildRules = (
			);
			dependencies = (
				7DD91B00182D88E0000AC8AA /* PBXTargetDependency */,
			);
			name = iStudentTests;
			productName = iStudentTests;
			productReference = 7DD91AFA182D88E0000AC8AA /* iStudentTests.xctest */;
			productType = "com.apple.product-type.bundle.unit-test";
		};
/* End PBXNativeTarget section */

/* Begin PBXProject section */
		7DD91ACB182D88E0000AC8AA /* Project object */ = {
			isa = PBXProject;
			attributes = {
				CLASSPREFIX = IST;
				LastUpgradeCheck = 0500;
				ORGANIZATIONNAME = "University of Akron";
				TargetAttributes = {
					7DD91AD2182D88E0000AC8AA = {
						DevelopmentTeam = 3FT8PS6NT6;
					};
					7DD91AF9182D88E0000AC8AA = {
						TestTargetID = 7DD91AD2182D88E0000AC8AA;
					};
				};
			};
			buildConfigurationList = 7DD91ACE182D88E0000AC8AA /* Build configuration list for PBXProject "iStudent" */;
			compatibilityVersion = "Xcode 3.2";
			developmentRegion = English;
			hasScannedForEncodings = 0;
			knownRegions = (
				en,
				Base,
			);
			mainGroup = 7DD91ACA182D88E0000AC8AA;
			productRefGroup = 7DD91AD4182D88E0000AC8AA /* Products */;
			projectDirPath = "";
			projectRoot = "";
			targets = (
				7DD91AD2182D88E0000AC8AA /* iStudent */,
				7DD91AF9182D88E0000AC8AA /* iStudentTests */,
			);
		};
/* End PBXProject section */

/* Begin PBXResourcesBuildPhase section */
		7DD91AD1182D88E0000AC8AA /* Resources */ = {
			isa = PBXResourcesBuildPhase;
			buildActionMask = 2147483647;
			files = (
				7DD91AED182D88E0000AC8AA /* Main_iPad.storyboard in Resources */,
				7DD91AF5182D88E0000AC8AA /* Images.xcassets in Resources */,
				7DBD5A68183FFB7100B914F2 /* CourseSeed.plist in Resources */,
				7DD91AEA182D88E0000AC8AA /* Main_iPhone.storyboard in Resources */,
				9465108D183F2CEF006322A1 /* rssFeeds.plist in Resources */,
				7DD91AE1182D88E0000AC8AA /* InfoPlist.strings in Resources */,
			);
			runOnlyForDeploymentPostprocessing = 0;
		};
		7DD91AF8182D88E0000AC8AA /* Resources */ = {
			isa = PBXResourcesBuildPhase;
			buildActionMask = 2147483647;
			files = (
				7DD91B06182D88E0000AC8AA /* InfoPlist.strings in Resources */,
			);
			runOnlyForDeploymentPostprocessing = 0;
		};
/* End PBXResourcesBuildPhase section */

/* Begin PBXSourcesBuildPhase section */
		7DD91ACF182D88E0000AC8AA /* Sources */ = {
			isa = PBXSourcesBuildPhase;
			buildActionMask = 2147483647;
			files = (
				7DBD5A6E183FFD8300B914F2 /* Course.m in Sources */,
				7D793F13183A7B480062228F /* ISTMapViewController.m in Sources */,
				942F04691842C43000DEBCF7 /* FeedElement.m in Sources */,
				9433766A183F46B700E3E8DF /* ISTAddFeedViewController.m in Sources */,
				7DD91AE3182D88E0000AC8AA /* main.m in Sources */,
				7DD91AE7182D88E0000AC8AA /* ISTAppDelegate.m in Sources */,
				94D501921841F67400F7CA54 /* ISTNewsTableViewController.m in Sources */,
				7DBD5A6B183FFC2D00B914F2 /* Course.xcdatamodeld in Sources */,
				94651090183F376F006322A1 /* ISTNewsMasterViewController.m in Sources */,
				7DD91AF3182D88E0000AC8AA /* ISTCourseMasterViewController.m in Sources */,
				7DD1BA6118340D8E005436F9 /* ISTCourseDetailViewController.m in Sources */,
				0076FB741842F743007DB12A /* CourseReader.m in Sources */,
				9433766D183F46DC00E3E8DF /* ISTNewsDetailViewController.m in Sources */,
			);
			runOnlyForDeploymentPostprocessing = 0;
		};
		7DD91AF6182D88E0000AC8AA /* Sources */ = {
			isa = PBXSourcesBuildPhase;
			buildActionMask = 2147483647;
			files = (
				7DD91B08182D88E0000AC8AA /* iStudentTests.m in Sources */,
			);
			runOnlyForDeploymentPostprocessing = 0;
		};
/* End PBXSourcesBuildPhase section */

/* Begin PBXTargetDependency section */
		7DD91B00182D88E0000AC8AA /* PBXTargetDependency */ = {
			isa = PBXTargetDependency;
			target = 7DD91AD2182D88E0000AC8AA /* iStudent */;
			targetProxy = 7DD91AFF182D88E0000AC8AA /* PBXContainerItemProxy */;
		};
/* End PBXTargetDependency section */

/* Begin PBXVariantGroup section */
		7DD91ADF182D88E0000AC8AA /* InfoPlist.strings */ = {
			isa = PBXVariantGroup;
			children = (
				7DD91AE0182D88E0000AC8AA /* en */,
			);
			name = InfoPlist.strings;
			sourceTree = "<group>";
		};
		7DD91AE8182D88E0000AC8AA /* Main_iPhone.storyboard */ = {
			isa = PBXVariantGroup;
			children = (
				7DD91AE9182D88E0000AC8AA /* Base */,
			);
			name = Main_iPhone.storyboard;
			sourceTree = "<group>";
		};
		7DD91AEB182D88E0000AC8AA /* Main_iPad.storyboard */ = {
			isa = PBXVariantGroup;
			children = (
				7DD91AEC182D88E0000AC8AA /* Base */,
			);
			name = Main_iPad.storyboard;
			sourceTree = "<group>";
		};
		7DD91B04182D88E0000AC8AA /* InfoPlist.strings */ = {
			isa = PBXVariantGroup;
			children = (
				7DD91B05182D88E0000AC8AA /* en */,
			);
			name = InfoPlist.strings;
			sourceTree = "<group>";
		};
/* End PBXVariantGroup section */

/* Begin XCBuildConfiguration section */
		7DD91B09182D88E0000AC8AA /* Debug */ = {
			isa = XCBuildConfiguration;
			buildSettings = {
				ALWAYS_SEARCH_USER_PATHS = NO;
				ARCHS = "$(ARCHS_STANDARD_INCLUDING_64_BIT)";
				CLANG_CXX_LANGUAGE_STANDARD = "gnu++0x";
				CLANG_CXX_LIBRARY = "libc++";
				CLANG_ENABLE_MODULES = YES;
				CLANG_ENABLE_OBJC_ARC = YES;
				CLANG_WARN_BOOL_CONVERSION = YES;
				CLANG_WARN_CONSTANT_CONVERSION = YES;
				CLANG_WARN_DIRECT_OBJC_ISA_USAGE = YES_ERROR;
				CLANG_WARN_EMPTY_BODY = YES;
				CLANG_WARN_ENUM_CONVERSION = YES;
				CLANG_WARN_INT_CONVERSION = YES;
				CLANG_WARN_OBJC_ROOT_CLASS = YES_ERROR;
				CLANG_WARN__DUPLICATE_METHOD_MATCH = YES;
				"CODE_SIGN_IDENTITY[sdk=iphoneos*]" = "iPhone Developer";
				COPY_PHASE_STRIP = NO;
				GCC_C_LANGUAGE_STANDARD = gnu99;
				GCC_DYNAMIC_NO_PIC = NO;
				GCC_OPTIMIZATION_LEVEL = 0;
				GCC_PREPROCESSOR_DEFINITIONS = (
					"DEBUG=1",
					"$(inherited)",
				);
				GCC_SYMBOLS_PRIVATE_EXTERN = NO;
				GCC_WARN_64_TO_32_BIT_CONVERSION = YES;
				GCC_WARN_ABOUT_RETURN_TYPE = YES_ERROR;
				GCC_WARN_UNDECLARED_SELECTOR = YES;
				GCC_WARN_UNINITIALIZED_AUTOS = YES;
				GCC_WARN_UNUSED_FUNCTION = YES;
				GCC_WARN_UNUSED_VARIABLE = YES;
				IPHONEOS_DEPLOYMENT_TARGET = 7.0;
				ONLY_ACTIVE_ARCH = YES;
				SDKROOT = iphoneos;
				TARGETED_DEVICE_FAMILY = "1,2";
			};
			name = Debug;
		};
		7DD91B0A182D88E0000AC8AA /* Release */ = {
			isa = XCBuildConfiguration;
			buildSettings = {
				ALWAYS_SEARCH_USER_PATHS = NO;
				ARCHS = "$(ARCHS_STANDARD_INCLUDING_64_BIT)";
				CLANG_CXX_LANGUAGE_STANDARD = "gnu++0x";
				CLANG_CXX_LIBRARY = "libc++";
				CLANG_ENABLE_MODULES = YES;
				CLANG_ENABLE_OBJC_ARC = YES;
				CLANG_WARN_BOOL_CONVERSION = YES;
				CLANG_WARN_CONSTANT_CONVERSION = YES;
				CLANG_WARN_DIRECT_OBJC_ISA_USAGE = YES_ERROR;
				CLANG_WARN_EMPTY_BODY = YES;
				CLANG_WARN_ENUM_CONVERSION = YES;
				CLANG_WARN_INT_CONVERSION = YES;
				CLANG_WARN_OBJC_ROOT_CLASS = YES_ERROR;
				CLANG_WARN__DUPLICATE_METHOD_MATCH = YES;
				"CODE_SIGN_IDENTITY[sdk=iphoneos*]" = "iPhone Developer";
				COPY_PHASE_STRIP = YES;
				ENABLE_NS_ASSERTIONS = NO;
				GCC_C_LANGUAGE_STANDARD = gnu99;
				GCC_WARN_64_TO_32_BIT_CONVERSION = YES;
				GCC_WARN_ABOUT_RETURN_TYPE = YES_ERROR;
				GCC_WARN_UNDECLARED_SELECTOR = YES;
				GCC_WARN_UNINITIALIZED_AUTOS = YES;
				GCC_WARN_UNUSED_FUNCTION = YES;
				GCC_WARN_UNUSED_VARIABLE = YES;
				IPHONEOS_DEPLOYMENT_TARGET = 7.0;
				SDKROOT = iphoneos;
				TARGETED_DEVICE_FAMILY = "1,2";
				VALIDATE_PRODUCT = YES;
			};
			name = Release;
		};
		7DD91B0C182D88E0000AC8AA /* Debug */ = {
			isa = XCBuildConfiguration;
			buildSettings = {
				ASSETCATALOG_COMPILER_APPICON_NAME = AppIcon;
				ASSETCATALOG_COMPILER_LAUNCHIMAGE_NAME = LaunchImage;
				CODE_SIGN_IDENTITY = "iPhone Developer";
				GCC_PRECOMPILE_PREFIX_HEADER = YES;
				GCC_PREFIX_HEADER = "iStudent/iStudent-Prefix.pch";
				INFOPLIST_FILE = "iStudent/iStudent-Info.plist";
				PRODUCT_NAME = "$(TARGET_NAME)";
				WRAPPER_EXTENSION = app;
			};
			name = Debug;
		};
		7DD91B0D182D88E0000AC8AA /* Release */ = {
			isa = XCBuildConfiguration;
			buildSettings = {
				ASSETCATALOG_COMPILER_APPICON_NAME = AppIcon;
				ASSETCATALOG_COMPILER_LAUNCHIMAGE_NAME = LaunchImage;
				CODE_SIGN_IDENTITY = "iPhone Developer";
				GCC_PRECOMPILE_PREFIX_HEADER = YES;
				GCC_PREFIX_HEADER = "iStudent/iStudent-Prefix.pch";
				INFOPLIST_FILE = "iStudent/iStudent-Info.plist";
				PRODUCT_NAME = "$(TARGET_NAME)";
				WRAPPER_EXTENSION = app;
			};
			name = Release;
		};
		7DD91B0F182D88E0000AC8AA /* Debug */ = {
			isa = XCBuildConfiguration;
			buildSettings = {
				ARCHS = "$(ARCHS_STANDARD_INCLUDING_64_BIT)";
				BUNDLE_LOADER = "$(BUILT_PRODUCTS_DIR)/iStudent.app/iStudent";
				FRAMEWORK_SEARCH_PATHS = (
					"$(SDKROOT)/Developer/Library/Frameworks",
					"$(inherited)",
					"$(DEVELOPER_FRAMEWORKS_DIR)",
				);
				GCC_PRECOMPILE_PREFIX_HEADER = YES;
				GCC_PREFIX_HEADER = "iStudent/iStudent-Prefix.pch";
				GCC_PREPROCESSOR_DEFINITIONS = (
					"DEBUG=1",
					"$(inherited)",
				);
				INFOPLIST_FILE = "iStudentTests/iStudentTests-Info.plist";
				PRODUCT_NAME = "$(TARGET_NAME)";
				TEST_HOST = "$(BUNDLE_LOADER)";
				WRAPPER_EXTENSION = xctest;
			};
			name = Debug;
		};
		7DD91B10182D88E0000AC8AA /* Release */ = {
			isa = XCBuildConfiguration;
			buildSettings = {
				ARCHS = "$(ARCHS_STANDARD_INCLUDING_64_BIT)";
				BUNDLE_LOADER = "$(BUILT_PRODUCTS_DIR)/iStudent.app/iStudent";
				FRAMEWORK_SEARCH_PATHS = (
					"$(SDKROOT)/Developer/Library/Frameworks",
					"$(inherited)",
					"$(DEVELOPER_FRAMEWORKS_DIR)",
				);
				GCC_PRECOMPILE_PREFIX_HEADER = YES;
				GCC_PREFIX_HEADER = "iStudent/iStudent-Prefix.pch";
				INFOPLIST_FILE = "iStudentTests/iStudentTests-Info.plist";
				PRODUCT_NAME = "$(TARGET_NAME)";
				TEST_HOST = "$(BUNDLE_LOADER)";
				WRAPPER_EXTENSION = xctest;
			};
			name = Release;
		};
/* End XCBuildConfiguration section */

/* Begin XCConfigurationList section */
		7DD91ACE182D88E0000AC8AA /* Build configuration list for PBXProject "iStudent" */ = {
			isa = XCConfigurationList;
			buildConfigurations = (
				7DD91B09182D88E0000AC8AA /* Debug */,
				7DD91B0A182D88E0000AC8AA /* Release */,
			);
			defaultConfigurationIsVisible = 0;
			defaultConfigurationName = Release;
		};
		7DD91B0B182D88E0000AC8AA /* Build configuration list for PBXNativeTarget "iStudent" */ = {
			isa = XCConfigurationList;
			buildConfigurations = (
				7DD91B0C182D88E0000AC8AA /* Debug */,
				7DD91B0D182D88E0000AC8AA /* Release */,
			);
			defaultConfigurationIsVisible = 0;
			defaultConfigurationName = Release;
		};
		7DD91B0E182D88E0000AC8AA /* Build configuration list for PBXNativeTarget "iStudentTests" */ = {
			isa = XCConfigurationList;
			buildConfigurations = (
				7DD91B0F182D88E0000AC8AA /* Debug */,
				7DD91B10182D88E0000AC8AA /* Release */,
			);
			defaultConfigurationIsVisible = 0;
			defaultConfigurationName = Release;
		};
/* End XCConfigurationList section */

/* Begin XCVersionGroup section */
		7DBD5A69183FFC2D00B914F2 /* Course.xcdatamodeld */ = {
			isa = XCVersionGroup;
			children = (
				7DBD5A6A183FFC2D00B914F2 /* Course.xcdatamodel */,
			);
			currentVersion = 7DBD5A6A183FFC2D00B914F2 /* Course.xcdatamodel */;
			path = Course.xcdatamodeld;
			sourceTree = "<group>";
			versionGroupType = wrapper.xcdatamodel;
		};
/* End XCVersionGroup section */
	};
	rootObject = 7DD91ACB182D88E0000AC8AA /* Project object */;
}
